github.com/hknw2025/trimmedmean v0.0.0-20241123022236-9eaf266c8579 h1:neUp0QIof/RZmY8suLctLXcNxidr14uywomEDjTfhVY=
github.com/hknw2025/trimmedmean v0.0.0-20241123022236-9eaf266c8579/go.mod h1:vA9Zsfea06I39aAKPM1LedeHd9w8MafvXbPdR2Gl9QA=
github.com/hknw2025/trimmedmean v0.0.0-20241123025137-5b5412480fae h1:ee1ri2bv3kQjDyAwFT8fC+ql0anbDm7rIbJqctPeGT0=
github.com/hknw2025/trimmedmean v0.0.0-20241123025137-5b5412480fae/go.mod h1:vA9Zsfea06I39aAKPM1LedeHd9w8MafvXbPdR2Gl9QA=
github.com/hknw2025/trimmedmean v0.0.0-20241123040310-26f82731671c h1:ZZuPbCdlKvMmrhODMdIk2Pk0O6o5hFpddOpXh8HEn4A=
github.com/hknw2025/trimmedmean v0.0.0-20241123040310-26f82731671c/go.mod h1:vA9Zsfea06I39aAKPM1LedeHd9w8MafvXbPdR2Gl9QA=
github.com/hknw2025/trimmedmean v0.0.0-20241123042900-685350072e86 h1:k/IOeyRANaN+QyFZc+0MZOyenwzkl1WqYS9leLeIgUk=
github.com/hknw2025/trimmedmean v0.0.0-20241123042900-685350072e86/go.mod h1:vA9Zsfea06I39aAKPM1LedeHd9w8MafvXbPdR2Gl9QA=
github.com/hknw2025/trimmedmean v0.0.0-20241123050240-24701b3ddbd3 h1:cKKKP/s1P6rDcwumYi0sZ/jfdz2Ctu/gQxK5N2JauJM=
github.com/hknw2025/trimmedmean v0.0.0-20241123050240-24701b3ddbd3/go.mod h1:vA9Zsfea06I39aAKPM1LedeHd9w8MafvXbPdR2Gl9QA=
